{
  "name": "tsa-maps",
  "version": "1.0.0",
  "lockfileVersion": 1,
  "requires": true,
  "dependencies": {
    "d3": {
      "version": "3.5.17",
      "resolved": "https://registry.npmjs.org/d3/-/d3-3.5.17.tgz",
      "integrity": "sha1-vEZ0gAQ3iyGjYMn8fPUjF5B2L7g=",
      "dev": true,
      "optional": true
    },
    "earcut": {
      "version": "2.1.3",
      "resolved": "https://registry.npmjs.org/earcut/-/earcut-2.1.3.tgz",
      "integrity": "sha512-AxdCdWUk1zzK/NuZ7e1ljj6IGC+VAdC3Qb7QQDsXpfNrc5IM8tL9nNXUmEGE6jRHTfZ10zhzRhtDmWVsR5pd3A==",
      "dev": true
    },
    "geojs": {
      "version": "0.17.0",
      "resolved": "https://registry.npmjs.org/geojs/-/geojs-0.17.0.tgz",
      "integrity": "sha512-W+q+DrVcfyufPHW4u+0A4RwXISQlqspmV0tRIzIiZ1qXIVYPbhsfCzPh4DP7JY7pEsErhAPjvrvmTzcsZDn1FA==",
      "dev": true,
      "requires": {
        "d3": "3.5.17",
        "earcut": "2.1.3",
        "gl-mat3": "1.0.0",
        "gl-mat4": "1.2.0",
        "gl-vec3": "1.1.3",
        "gl-vec4": "1.0.1",
        "hammerjs": "2.0.8",
        "jquery": "3.3.1",
        "kdbush": "1.0.1",
        "mousetrap": "1.6.2",
        "proj4": "2.5.0",
        "vgl": "0.3.10"
      }
    },
    "gl-mat3": {
      "version": "1.0.0",
      "resolved": "https://registry.npmjs.org/gl-mat3/-/gl-mat3-1.0.0.tgz",
      "integrity": "sha1-iWMyGcpCk3mha5GF2V1BcTRTuRI=",
      "dev": true
    },
    "gl-mat4": {
      "version": "1.2.0",
      "resolved": "https://registry.npmjs.org/gl-mat4/-/gl-mat4-1.2.0.tgz",
      "integrity": "sha512-sT5C0pwB1/e9G9AvAoLsoaJtbMGjfd/jfxo8jMCKqYYEnjZuFvqV5rehqar0538EmssjdDeiEWnKyBSTw7quoA==",
      "dev": true
    },
    "gl-vec3": {
      "version": "1.1.3",
      "resolved": "https://registry.npmjs.org/gl-vec3/-/gl-vec3-1.1.3.tgz",
      "integrity": "sha512-jduKUqT0SGH02l8Yl+mV1yVsDfYgQAJyXGxkJQGyxPLHRiW25DwVIRPt6uvhrEMHftJfqhqKthRcyZqNEl9Xdw==",
      "dev": true
    },
    "gl-vec4": {
      "version": "1.0.1",
      "resolved": "https://registry.npmjs.org/gl-vec4/-/gl-vec4-1.0.1.tgz",
      "integrity": "sha1-l9loeCgbFLUyy84QF4Xf0cs0CWQ=",
      "dev": true
    },
    "hammerjs": {
      "version": "2.0.8",
      "resolved": "https://registry.npmjs.org/hammerjs/-/hammerjs-2.0.8.tgz",
      "integrity": "sha1-BO93hiz/K7edMPdpIJWTAiK/YPE=",
      "dev": true,
      "optional": true
    },
    "jquery": {
      "version": "3.3.1",
      "resolved": "https://registry.npmjs.org/jquery/-/jquery-3.3.1.tgz",
      "integrity": "sha512-Ubldcmxp5np52/ENotGxlLe6aGMvmF4R8S6tZjsP6Knsaxd/xp3Zrh50cG93lR6nPXyUFwzN3ZSOQI0wRJNdGg==",
      "dev": true
    },
    "kdbush": {
      "version": "1.0.1",
      "resolved": "https://registry.npmjs.org/kdbush/-/kdbush-1.0.1.tgz",
      "integrity": "sha1-PL0D6d6tnA9vZszblkUOXOzGQOA=",
      "dev": true
    },
    "mgrs": {
      "version": "1.0.0",
      "resolved": "https://registry.npmjs.org/mgrs/-/mgrs-1.0.0.tgz",
      "integrity": "sha1-+5FYjnjJACVnI5XLQLJffNatGCk=",
      "dev": true
    },
    "mousetrap": {
      "version": "1.6.2",
      "resolved": "https://registry.npmjs.org/mousetrap/-/mousetrap-1.6.2.tgz",
      "integrity": "sha512-jDjhi7wlHwdO6q6DS7YRmSHcuI+RVxadBkLt3KHrhd3C2b+w5pKefg3oj5beTcHZyVFA9Aksf+yEE1y5jxUjVA==",
      "dev": true
    },
    "proj4": {
      "version": "2.5.0",
      "resolved": "https://registry.npmjs.org/proj4/-/proj4-2.5.0.tgz",
      "integrity": "sha512-XZTRT7OPdLzgvtTqL8DG2cEj8lYdovztOwiwpwRSYayOty5Ipf3H68dh/fiL+HKDEyetmQSMhkkMGiJoyziz3w==",
      "dev": true,
      "requires": {
        "mgrs": "1.0.0",
        "wkt-parser": "1.2.2"
      }
    },
    "vgl": {
      "version": "0.3.10",
      "resolved": "https://registry.npmjs.org/vgl/-/vgl-0.3.10.tgz",
      "integrity": "sha1-IUrSkO4n3APHXdMtp76BqzDVgWA=",
      "dev": true
    },
    "wkt-parser": {
      "version": "1.2.2",
      "resolved": "https://registry.npmjs.org/wkt-parser/-/wkt-parser-1.2.2.tgz",
      "integrity": "sha512-2aCAsY3VIKraNfMnAU2HYQyPQUnyeBvwXZofBXTR/Cev1vbL5Q4/Nw47JEFvkLtBm96RtK6fQbdPmc1kk8uhMw==",
      "dev": true
    }
  }
}
